// !$*UTF8*$!
{
	archiveVersion = 1;
	classes = {
	};
	objectVersion = 50;
	objects = {

/* Begin PBXBuildFile section */
		D1854A9A21A10CC400FE1FBD /* MoCoinPageViewController.swift in Sources */ = {isa = PBXBuildFile; fileRef = D1854A9921A10CC400FE1FBD /* MoCoinPageViewController.swift */; };
		D1854A9D21A13C2800FE1FBD /* BetterSegmentedControl.swift in Sources */ = {isa = PBXBuildFile; fileRef = D1854A9B21A13C2800FE1FBD /* BetterSegmentedControl.swift */; };
		D1854A9E21A13C2800FE1FBD /* Options.swift in Sources */ = {isa = PBXBuildFile; fileRef = D1854A9C21A13C2800FE1FBD /* Options.swift */; };
		D1854AA021A140E200FE1FBD /* RedeemTableViewController.swift in Sources */ = {isa = PBXBuildFile; fileRef = D1854A9F21A140E200FE1FBD /* RedeemTableViewController.swift */; };
		D1854AA221A140F100FE1FBD /* RedeemTableViewCell.swift in Sources */ = {isa = PBXBuildFile; fileRef = D1854AA121A140F100FE1FBD /* RedeemTableViewCell.swift */; };
		D1854AAB21A1C09600FE1FBD /* data.json in Resources */ = {isa = PBXBuildFile; fileRef = D1854AA721A1C09600FE1FBD /* data.json */; };
		D1854AAF21A1C0FB00FE1FBD /* PartnerData.swift in Sources */ = {isa = PBXBuildFile; fileRef = D1854AAE21A1C0FB00FE1FBD /* PartnerData.swift */; };
		D1854AB121A1C50C00FE1FBD /* RedemptionViewController.swift in Sources */ = {isa = PBXBuildFile; fileRef = D1854AB021A1C50C00FE1FBD /* RedemptionViewController.swift */; };
		D1854AB321A1C90600FE1FBD /* Extension.swift in Sources */ = {isa = PBXBuildFile; fileRef = D1854AB221A1C90600FE1FBD /* Extension.swift */; };
		D1E10B7521A0BE66001CEFFB /* AppDelegate.swift in Sources */ = {isa = PBXBuildFile; fileRef = D1E10B7421A0BE66001CEFFB /* AppDelegate.swift */; };
		D1E10B7721A0BE66001CEFFB /* ViewController.swift in Sources */ = {isa = PBXBuildFile; fileRef = D1E10B7621A0BE66001CEFFB /* ViewController.swift */; };
		D1E10B7A21A0BE66001CEFFB /* Main.storyboard in Resources */ = {isa = PBXBuildFile; fileRef = D1E10B7821A0BE66001CEFFB /* Main.storyboard */; };
		D1E10B7C21A0BE68001CEFFB /* Assets.xcassets in Resources */ = {isa = PBXBuildFile; fileRef = D1E10B7B21A0BE68001CEFFB /* Assets.xcassets */; };
		D1E10B7F21A0BE68001CEFFB /* LaunchScreen.storyboard in Resources */ = {isa = PBXBuildFile; fileRef = D1E10B7D21A0BE68001CEFFB /* LaunchScreen.storyboard */; };
		D1E10B8721A0C12B001CEFFB /* HistoryTableViewController.swift in Sources */ = {isa = PBXBuildFile; fileRef = D1E10B8621A0C12B001CEFFB /* HistoryTableViewController.swift */; };
		D1E10B8921A0C5BE001CEFFB /* LoyaltyData.swift in Sources */ = {isa = PBXBuildFile; fileRef = D1E10B8821A0C5BE001CEFFB /* LoyaltyData.swift */; };
		D1E10B8B21A0C651001CEFFB /* JsonData.swift in Sources */ = {isa = PBXBuildFile; fileRef = D1E10B8A21A0C651001CEFFB /* JsonData.swift */; };
		D1E10B8D21A0CBDD001CEFFB /* HistoryTableViewCell.swift in Sources */ = {isa = PBXBuildFile; fileRef = D1E10B8C21A0CBDD001CEFFB /* HistoryTableViewCell.swift */; };
		D1E10B9621A108F1001CEFFB /* MoCoinViewController.swift in Sources */ = {isa = PBXBuildFile; fileRef = D1E10B9521A108F1001CEFFB /* MoCoinViewController.swift */; };
/* End PBXBuildFile section */

/* Begin PBXFileReference section */
		D1854A9921A10CC400FE1FBD /* MoCoinPageViewController.swift */ = {isa = PBXFileReference; lastKnownFileType = sourcecode.swift; path = MoCoinPageViewController.swift; sourceTree = "<group>"; };
		D1854A9B21A13C2800FE1FBD /* BetterSegmentedControl.swift */ = {isa = PBXFileReference; fileEncoding = 4; lastKnownFileType = sourcecode.swift; path = BetterSegmentedControl.swift; sourceTree = "<group>"; };
		D1854A9C21A13C2800FE1FBD /* Options.swift */ = {isa = PBXFileReference; fileEncoding = 4; lastKnownFileType = sourcecode.swift; path = Options.swift; sourceTree = "<group>"; };
		D1854A9F21A140E200FE1FBD /* RedeemTableViewController.swift */ = {isa = PBXFileReference; lastKnownFileType = sourcecode.swift; path = RedeemTableViewController.swift; sourceTree = "<group>"; };
		D1854AA121A140F100FE1FBD /* RedeemTableViewCell.swift */ = {isa = PBXFileReference; lastKnownFileType = sourcecode.swift; path = RedeemTableViewCell.swift; sourceTree = "<group>"; };
		D1854AA721A1C09600FE1FBD /* data.json */ = {isa = PBXFileReference; fileEncoding = 4; lastKnownFileType = text.json; path = data.json; sourceTree = "<group>"; };
		D1854AAE21A1C0FB00FE1FBD /* PartnerData.swift */ = {isa = PBXFileReference; lastKnownFileType = sourcecode.swift; path = PartnerData.swift; sourceTree = "<group>"; };
		D1854AB021A1C50C00FE1FBD /* RedemptionViewController.swift */ = {isa = PBXFileReference; lastKnownFileType = sourcecode.swift; path = RedemptionViewController.swift; sourceTree = "<group>"; };
		D1854AB221A1C90600FE1FBD /* Extension.swift */ = {isa = PBXFileReference; lastKnownFileType = sourcecode.swift; path = Extension.swift; sourceTree = "<group>"; };
		D1E10B7121A0BE66001CEFFB /* Movember-Loyalty-Program.app */ = {isa = PBXFileReference; explicitFileType = wrapper.application; includeInIndex = 0; path = "Movember-Loyalty-Program.app"; sourceTree = BUILT_PRODUCTS_DIR; };
		D1E10B7421A0BE66001CEFFB /* AppDelegate.swift */ = {isa = PBXFileReference; lastKnownFileType = sourcecode.swift; path = AppDelegate.swift; sourceTree = "<group>"; };
		D1E10B7621A0BE66001CEFFB /* ViewController.swift */ = {isa = PBXFileReference; lastKnownFileType = sourcecode.swift; path = ViewController.swift; sourceTree = "<group>"; };
		D1E10B7921A0BE66001CEFFB /* Base */ = {isa = PBXFileReference; lastKnownFileType = file.storyboard; name = Base; path = Base.lproj/Main.storyboard; sourceTree = "<group>"; };
		D1E10B7B21A0BE68001CEFFB /* Assets.xcassets */ = {isa = PBXFileReference; lastKnownFileType = folder.assetcatalog; path = Assets.xcassets; sourceTree = "<group>"; };
		D1E10B7E21A0BE68001CEFFB /* Base */ = {isa = PBXFileReference; lastKnownFileType = file.storyboard; name = Base; path = Base.lproj/LaunchScreen.storyboard; sourceTree = "<group>"; };
		D1E10B8021A0BE68001CEFFB /* Info.plist */ = {isa = PBXFileReference; lastKnownFileType = text.plist.xml; path = Info.plist; sourceTree = "<group>"; };
		D1E10B8621A0C12B001CEFFB /* HistoryTableViewController.swift */ = {isa = PBXFileReference; lastKnownFileType = sourcecode.swift; path = HistoryTableViewController.swift; sourceTree = "<group>"; };
		D1E10B8821A0C5BE001CEFFB /* LoyaltyData.swift */ = {isa = PBXFileReference; lastKnownFileType = sourcecode.swift; path = LoyaltyData.swift; sourceTree = "<group>"; };
		D1E10B8A21A0C651001CEFFB /* JsonData.swift */ = {isa = PBXFileReference; lastKnownFileType = sourcecode.swift; path = JsonData.swift; sourceTree = "<group>"; };
		D1E10B8C21A0CBDD001CEFFB /* HistoryTableViewCell.swift */ = {isa = PBXFileReference; lastKnownFileType = sourcecode.swift; path = HistoryTableViewCell.swift; sourceTree = "<group>"; };
		D1E10B9521A108F1001CEFFB /* MoCoinViewController.swift */ = {isa = PBXFileReference; lastKnownFileType = sourcecode.swift; path = MoCoinViewController.swift; sourceTree = "<group>"; };
/* End PBXFileReference section */

/* Begin PBXFrameworksBuildPhase section */
		D1E10B6E21A0BE66001CEFFB /* Frameworks */ = {
			isa = PBXFrameworksBuildPhase;
			buildActionMask = 2147483647;
			files = (
			);
			runOnlyForDeploymentPostprocessing = 0;
		};
/* End PBXFrameworksBuildPhase section */

/* Begin PBXGroup section */
		D1854AA321A1BFFA00FE1FBD /* ViewControllers */ = {
			isa = PBXGroup;
			children = (
				D1E10B7621A0BE66001CEFFB /* ViewController.swift */,
				D1E10B9521A108F1001CEFFB /* MoCoinViewController.swift */,
				D1854A9921A10CC400FE1FBD /* MoCoinPageViewController.swift */,
				D1E10B8621A0C12B001CEFFB /* HistoryTableViewController.swift */,
				D1E10B8C21A0CBDD001CEFFB /* HistoryTableViewCell.swift */,
				D1854A9F21A140E200FE1FBD /* RedeemTableViewController.swift */,
				D1854AA121A140F100FE1FBD /* RedeemTableViewCell.swift */,
				D1854AB021A1C50C00FE1FBD /* RedemptionViewController.swift */,
				D1854AB221A1C90600FE1FBD /* Extension.swift */,
			);
			path = ViewControllers;
			sourceTree = "<group>";
		};
		D1854AA421A1C00600FE1FBD /* Model */ = {
			isa = PBXGroup;
			children = (
				D1E10B8A21A0C651001CEFFB /* JsonData.swift */,
				D1E10B8821A0C5BE001CEFFB /* LoyaltyData.swift */,
				D1854AAE21A1C0FB00FE1FBD /* PartnerData.swift */,
			);
			path = Model;
			sourceTree = "<group>";
		};
		D1E10B6821A0BE66001CEFFB = {
			isa = PBXGroup;
			children = (
				D1E10B7321A0BE66001CEFFB /* Movember-Loyalty-Program */,
				D1E10B7221A0BE66001CEFFB /* Products */,
			);
			sourceTree = "<group>";
		};
		D1E10B7221A0BE66001CEFFB /* Products */ = {
			isa = PBXGroup;
			children = (
				D1E10B7121A0BE66001CEFFB /* Movember-Loyalty-Program.app */,
			);
			name = Products;
			sourceTree = "<group>";
		};
		D1E10B7321A0BE66001CEFFB /* Movember-Loyalty-Program */ = {
			isa = PBXGroup;
			children = (
				D1E10B7421A0BE66001CEFFB /* AppDelegate.swift */,
				D1854AA321A1BFFA00FE1FBD /* ViewControllers */,
				D1854AA421A1C00600FE1FBD /* Model */,
				D1854A9B21A13C2800FE1FBD /* BetterSegmentedControl.swift */,
				D1854A9C21A13C2800FE1FBD /* Options.swift */,
				D1E10B7821A0BE66001CEFFB /* Main.storyboard */,
				D1854AA721A1C09600FE1FBD /* data.json */,
				D1E10B7B21A0BE68001CEFFB /* Assets.xcassets */,
				D1E10B7D21A0BE68001CEFFB /* LaunchScreen.storyboard */,
				D1E10B8021A0BE68001CEFFB /* Info.plist */,
			);
			path = "Movember-Loyalty-Program";
			sourceTree = "<group>";
		};
/* End PBXGroup section */

/* Begin PBXNativeTarget section */
		D1E10B7021A0BE66001CEFFB /* Movember-Loyalty-Program */ = {
			isa = PBXNativeTarget;
			buildConfigurationList = D1E10B8321A0BE68001CEFFB /* Build configuration list for PBXNativeTarget "Movember-Loyalty-Program" */;
			buildPhases = (
				D1E10B6D21A0BE66001CEFFB /* Sources */,
				D1E10B6E21A0BE66001CEFFB /* Frameworks */,
				D1E10B6F21A0BE66001CEFFB /* Resources */,
			);
			buildRules = (
			);
			dependencies = (
			);
			name = "Movember-Loyalty-Program";
			productName = "Movember-Loyalty-Program";
			productReference = D1E10B7121A0BE66001CEFFB /* Movember-Loyalty-Program.app */;
			productType = "com.apple.product-type.application";
		};
/* End PBXNativeTarget section */

/* Begin PBXProject section */
		D1E10B6921A0BE66001CEFFB /* Project object */ = {
			isa = PBXProject;
			attributes = {
				LastSwiftUpdateCheck = 1010;
				LastUpgradeCheck = 1010;
				ORGANIZATIONNAME = "Errol Cheong";
				TargetAttributes = {
					D1E10B7021A0BE66001CEFFB = {
						CreatedOnToolsVersion = 10.1;
					};
				};
			};
			buildConfigurationList = D1E10B6C21A0BE66001CEFFB /* Build configuration list for PBXProject "Movember-Loyalty-Program" */;
			compatibilityVersion = "Xcode 9.3";
			developmentRegion = en;
			hasScannedForEncodings = 0;
			knownRegions = (
				en,
				Base,
			);
			mainGroup = D1E10B6821A0BE66001CEFFB;
			productRefGroup = D1E10B7221A0BE66001CEFFB /* Products */;
			projectDirPath = "";
			projectRoot = "";
			targets = (
				D1E10B7021A0BE66001CEFFB /* Movember-Loyalty-Program */,
			);
		};
/* End PBXProject section */

/* Begin PBXResourcesBuildPhase section */
		D1E10B6F21A0BE66001CEFFB /* Resources */ = {
			isa = PBXResourcesBuildPhase;
			buildActionMask = 2147483647;
			files = (
				D1E10B7F21A0BE68001CEFFB /* LaunchScreen.storyboard in Resources */,
				D1854AAB21A1C09600FE1FBD /* data.json in Resources */,
				D1E10B7C21A0BE68001CEFFB /* Assets.xcassets in Resources */,
				D1E10B7A21A0BE66001CEFFB /* Main.storyboard in Resources */,
			);
			runOnlyForDeploymentPostprocessing = 0;
		};
/* End PBXResourcesBuildPhase section */

/* Begin PBXSourcesBuildPhase section */
		D1E10B6D21A0BE66001CEFFB /* Sources */ = {
			isa = PBXSourcesBuildPhase;
			buildActionMask = 2147483647;
			files = (
				D1854AB321A1C90600FE1FBD /* Extension.swift in Sources */,
				D1854AA021A140E200FE1FBD /* RedeemTableViewController.swift in Sources */,
				D1E10B8921A0C5BE001CEFFB /* LoyaltyData.swift in Sources */,
				D1854AAF21A1C0FB00FE1FBD /* PartnerData.swift in Sources */,
				D1854AB121A1C50C00FE1FBD /* RedemptionViewController.swift in Sources */,
				D1854A9A21A10CC400FE1FBD /* MoCoinPageViewController.swift in Sources */,
				D1E10B9621A108F1001CEFFB /* MoCoinViewController.swift in Sources */,
				D1E10B7721A0BE66001CEFFB /* ViewController.swift in Sources */,
				D1854AA221A140F100FE1FBD /* RedeemTableViewCell.swift in Sources */,
				D1E10B8721A0C12B001CEFFB /* HistoryTableViewController.swift in Sources */,
				D1E10B8D21A0CBDD001CEFFB /* HistoryTableViewCell.swift in Sources */,
				D1E10B7521A0BE66001CEFFB /* AppDelegate.swift in Sources */,
				D1854A9D21A13C2800FE1FBD /* BetterSegmentedControl.swift in Sources */,
				D1854A9E21A13C2800FE1FBD /* Options.swift in Sources */,
				D1E10B8B21A0C651001CEFFB /* JsonData.swift in Sources */,
			);
			runOnlyForDeploymentPostprocessing = 0;
		};
/* End PBXSourcesBuildPhase section */

/* Begin PBXVariantGroup section */
		D1E10B7821A0BE66001CEFFB /* Main.storyboard */ = {
			isa = PBXVariantGroup;
			children = (
				D1E10B7921A0BE66001CEFFB /* Base */,
			);
			name = Main.storyboard;
			sourceTree = "<group>";
		};
		D1E10B7D21A0BE68001CEFFB /* LaunchScreen.storyboard */ = {
			isa = PBXVariantGroup;
			children = (
				D1E10B7E21A0BE68001CEFFB /* Base */,
			);
			name = LaunchScreen.storyboard;
			sourceTree = "<group>";
		};
/* End PBXVariantGroup section */

/* Begin XCBuildConfiguration section */
		D1E10B8121A0BE68001CEFFB /* Debug */ = {
			isa = XCBuildConfiguration;
			buildSettings = {
				ALWAYS_SEARCH_USER_PATHS = NO;
				CLANG_ANALYZER_NONNULL = YES;
				CLANG_ANALYZER_NUMBER_OBJECT_CONVERSION = YES_AGGRESSIVE;
				CLANG_CXX_LANGUAGE_STANDARD = "gnu++14";
				CLANG_CXX_LIBRARY = "libc++";
				CLANG_ENABLE_MODULES = YES;
				CLANG_ENABLE_OBJC_ARC = YES;
				CLANG_ENABLE_OBJC_WEAK = YES;
				CLANG_WARN_BLOCK_CAPTURE_AUTORELEASING = YES;
				CLANG_WARN_BOOL_CONVERSION = YES;
				CLANG_WARN_COMMA = YES;
				CLANG_WARN_CONSTANT_CONVERSION = YES;
				CLANG_WARN_DEPRECATED_OBJC_IMPLEMENTATIONS = YES;
				CLANG_WARN_DIRECT_OBJC_ISA_USAGE = YES_ERROR;
				CLANG_WARN_DOCUMENTATION_COMMENTS = YES;
				CLANG_WARN_EMPTY_BODY = YES;
				CLANG_WARN_ENUM_CONVERSION = YES;
				CLANG_WARN_INFINITE_RECURSION = YES;
				CLANG_WARN_INT_CONVERSION = YES;
				CLANG_WARN_NON_LITERAL_NULL_CONVERSION = YES;
				CLANG_WARN_OBJC_IMPLICIT_RETAIN_SELF = YES;
				CLANG_WARN_OBJC_LITERAL_CONVERSION = YES;
				CLANG_WARN_OBJC_ROOT_CLASS = YES_ERROR;
				CLANG_WARN_RANGE_LOOP_ANALYSIS = YES;
				CLANG_WARN_STRICT_PROTOTYPES = YES;
				CLANG_WARN_SUSPICIOUS_MOVE = YES;
				CLANG_WARN_UNGUARDED_AVAILABILITY = YES_AGGRESSIVE;
				CLANG_WARN_UNREACHABLE_CODE = YES;
				CLANG_WARN__DUPLICATE_METHOD_MATCH = YES;
				CODE_SIGN_IDENTITY = "iPhone Developer";
				COPY_PHASE_STRIP = NO;
				DEBUG_INFORMATION_FORMAT = dwarf;
				ENABLE_STRICT_OBJC_MSGSEND = YES;
				ENABLE_TESTABILITY = YES;
				GCC_C_LANGUAGE_STANDARD = gnu11;
				GCC_DYNAMIC_NO_PIC = NO;
				GCC_NO_COMMON_BLOCKS = YES;
				GCC_OPTIMIZATION_LEVEL = 0;
				GCC_PREPROCESSOR_DEFINITIONS = (
					"DEBUG=1",
					"$(inherited)",
				);
				GCC_WARN_64_TO_32_BIT_CONVERSION = YES;
				GCC_WARN_ABOUT_RETURN_TYPE = YES_ERROR;
				GCC_WARN_UNDECLARED_SELECTOR = YES;
				GCC_WARN_UNINITIALIZED_AUTOS = YES_AGGRESSIVE;
				GCC_WARN_UNUSED_FUNCTION = YES;
				GCC_WARN_UNUSED_VARIABLE = YES;
				IPHONEOS_DEPLOYMENT_TARGET = 12.1;
				MTL_ENABLE_DEBUG_INFO = INCLUDE_SOURCE;
				MTL_FAST_MATH = YES;
				ONLY_ACTIVE_ARCH = YES;
				SDKROOT = iphoneos;
				SWIFT_ACTIVE_COMPILATION_CONDITIONS = DEBUG;
				SWIFT_OPTIMIZATION_LEVEL = "-Onone";
			};
			name = Debug;
		};
		D1E10B8221A0BE68001CEFFB /* Release */ = {
			isa = XCBuildConfiguration;
			buildSettings = {
				ALWAYS_SEARCH_USER_PATHS = NO;
				CLANG_ANALYZER_NONNULL = YES;
				CLANG_ANALYZER_NUMBER_OBJECT_CONVERSION = YES_AGGRESSIVE;
				CLANG_CXX_LANGUAGE_STANDARD = "gnu++14";
				CLANG_CXX_LIBRARY = "libc++";
				CLANG_ENABLE_MODULES = YES;
				CLANG_ENABLE_OBJC_ARC = YES;
				CLANG_ENABLE_OBJC_WEAK = YES;
				CLANG_WARN_BLOCK_CAPTURE_AUTORELEASING = YES;
				CLANG_WARN_BOOL_CONVERSION = YES;
				CLANG_WARN_COMMA = YES;
				CLANG_WARN_CONSTANT_CONVERSION = YES;
				CLANG_WARN_DEPRECATED_OBJC_IMPLEMENTATIONS = YES;
				CLANG_WARN_DIRECT_OBJC_ISA_USAGE = YES_ERROR;
				CLANG_WARN_DOCUMENTATION_COMMENTS = YES;
				CLANG_WARN_EMPTY_BODY = YES;
				CLANG_WARN_ENUM_CONVERSION = YES;
				CLANG_WARN_INFINITE_RECURSION = YES;
				CLANG_WARN_INT_CONVERSION = YES;
				CLANG_WARN_NON_LITERAL_NULL_CONVERSION = YES;
				CLANG_WARN_OBJC_IMPLICIT_RETAIN_SELF = YES;
				CLANG_WARN_OBJC_LITERAL_CONVERSION = YES;
				CLANG_WARN_OBJC_ROOT_CLASS = YES_ERROR;
				CLANG_WARN_RANGE_LOOP_ANALYSIS = YES;
				CLANG_WARN_STRICT_PROTOTYPES = YES;
				CLANG_WARN_SUSPICIOUS_MOVE = YES;
				CLANG_WARN_UNGUARDED_AVAILABILITY = YES_AGGRESSIVE;
				CLANG_WARN_UNREACHABLE_CODE = YES;
				CLANG_WARN__DUPLICATE_METHOD_MATCH = YES;
				CODE_SIGN_IDENTITY = "iPhone Developer";
				COPY_PHASE_STRIP = NO;
				DEBUG_INFORMATION_FORMAT = "dwarf-with-dsym";
				ENABLE_NS_ASSERTIONS = NO;
				ENABLE_STRICT_OBJC_MSGSEND = YES;
				GCC_C_LANGUAGE_STANDARD = gnu11;
				GCC_NO_COMMON_BLOCKS = YES;
				GCC_WARN_64_TO_32_BIT_CONVERSION = YES;
				GCC_WARN_ABOUT_RETURN_TYPE = YES_ERROR;
				GCC_WARN_UNDECLARED_SELECTOR = YES;
				GCC_WARN_UNINITIALIZED_AUTOS = YES_AGGRESSIVE;
				GCC_WARN_UNUSED_FUNCTION = YES;
				GCC_WARN_UNUSED_VARIABLE = YES;
				IPHONEOS_DEPLOYMENT_TARGET = 12.1;
				MTL_ENABLE_DEBUG_INFO = NO;
				MTL_FAST_MATH = YES;
				SDKROOT = iphoneos;
				SWIFT_COMPILATION_MODE = wholemodule;
				SWIFT_OPTIMIZATION_LEVEL = "-O";
				VALIDATE_PRODUCT = YES;
			};
			name = Release;
		};
		D1E10B8421A0BE68001CEFFB /* Debug */ = {
			isa = XCBuildConfiguration;
			buildSettings = {
				ASSETCATALOG_COMPILER_APPICON_NAME = AppIcon;
				CODE_SIGN_STYLE = Automatic;
				DEVELOPMENT_TEAM = 62G7WYJ46U;
				FRAMEWORK_SEARCH_PATHS = (
					"$(inherited)",
					"$(PROJECT_DIR)/Carthage/Build/iOS",
				);
				INFOPLIST_FILE = "Movember-Loyalty-Program/Info.plist";
				LD_RUNPATH_SEARCH_PATHS = (
					"$(inherited)",
					"@executable_path/Frameworks",
				);
				PRODUCT_BUNDLE_IDENTIFIER = "com.errolcheong.Movember-Loyalty-Program";
				PRODUCT_NAME = "$(TARGET_NAME)";
				SWIFT_VERSION = 4.2;
				TARGETED_DEVICE_FAMILY = "1,2";
			};
			name = Debug;
		};
		D1E10B8521A0BE68001CEFFB /* Release */ = {
			isa = XCBuildConfiguration;
			buildSettings = {
				ASSETCATALOG_COMPILER_APPICON_NAME = AppIcon;
				CODE_SIGN_STYLE = Automatic;
				DEVELOPMENT_TEAM = 62G7WYJ46U;
				FRAMEWORK_SEARCH_PATHS = (
					"$(inherited)",
					"$(PROJECT_DIR)/Carthage/Build/iOS",
				);
				INFOPLIST_FILE = "Movember-Loyalty-Program/Info.plist";
				LD_RUNPATH_SEARCH_PATHS = (
					"$(inherited)",
					"@executable_path/Frameworks",
				);
				PRODUCT_BUNDLE_IDENTIFIER = "com.errolcheong.Movember-Loyalty-Program";
				PRODUCT_NAME = "$(TARGET_NAME)";
				SWIFT_VERSION = 4.2;
				TARGETED_DEVICE_FAMILY = "1,2";
			};
			name = Release;
		};
/* End XCBuildConfiguration section */

/* Begin XCConfigurationList section */
		D1E10B6C21A0BE66001CEFFB /* Build configuration list for PBXProject "Movember-Loyalty-Program" */ = {
			isa = XCConfigurationList;
			buildConfigurations = (
				D1E10B8121A0BE68001CEFFB /* Debug */,
				D1E10B8221A0BE68001CEFFB /* Release */,
			);
			defaultConfigurationIsVisible = 0;
			defaultConfigurationName = Release;
		};
		D1E10B8321A0BE68001CEFFB /* Build configuration list for PBXNativeTarget "Movember-Loyalty-Program" */ = {
			isa = XCConfigurationList;
			buildConfigurations = (
				D1E10B8421A0BE68001CEFFB /* Debug */,
				D1E10B8521A0BE68001CEFFB /* Release */,
			);
			defaultConfigurationIsVisible = 0;
			defaultConfigurationName = Release;
		};
/* End XCConfigurationList section */
	};
	rootObject = D1E10B6921A0BE66001CEFFB /* Project object */;
}
